#MicroXplorer Configuration settings - do not modify
CORTEX_M7.CPU_DCache=Enabled
CORTEX_M7.CPU_ICache=Enabled
CORTEX_M7.IPParameters=CPU_ICache,CPU_DCache
ETH.IPParameters=MediaInterface
ETH.MediaInterface=HAL_ETH_RMII_MODE
File.Version=6
GPIO.groupedBy=Group By Peripherals
I2C2.CustomTiming=Disabled
I2C2.I2C_Speed_Mode=I2C_Standard
I2C2.IPParameters=Timing,CustomTiming,I2C_Speed_Mode
I2C2.Timing=0x60404E72
I2C4.IPParameters=Timing
I2C4.Timing=0x60404E72
KeepUserPlacement=false
Mcu.Family=STM32H7
Mcu.IP0=CORTEX_M7
Mcu.IP1=ETH
Mcu.IP10=USART3
Mcu.IP11=USB_OTG_HS
Mcu.IP2=I2C2
Mcu.IP3=I2C4
Mcu.IP4=NVIC
Mcu.IP5=RCC
Mcu.IP6=SPI1
Mcu.IP7=SPI2
Mcu.IP8=SPI4
Mcu.IP9=SYS
Mcu.IPNb=12
Mcu.Name=STM32H723ZGTx
Mcu.Package=LQFP144
Mcu.Pin0=PC14-OSC32_IN
Mcu.Pin1=PC15-OSC32_OUT
Mcu.Pin10=PC4
Mcu.Pin11=PC5
Mcu.Pin12=PE11
Mcu.Pin13=PE12
Mcu.Pin14=PE13
Mcu.Pin15=PE14
Mcu.Pin16=PB10
Mcu.Pin17=PB11
Mcu.Pin18=PB12
Mcu.Pin19=PB13
Mcu.Pin2=PF0
Mcu.Pin20=PB14
Mcu.Pin21=PB15
Mcu.Pin22=PD8
Mcu.Pin23=PD9
Mcu.Pin24=PD12
Mcu.Pin25=PD13
Mcu.Pin26=PA9
Mcu.Pin27=PA10
Mcu.Pin28=PA11
Mcu.Pin29=PA12
Mcu.Pin3=PF1
Mcu.Pin30=PB3(JTDO/TRACESWO)
Mcu.Pin31=PB4(NJTRST)
Mcu.Pin32=PB5
Mcu.Pin33=PB9
Mcu.Pin34=VP_SYS_VS_Systick
Mcu.Pin4=PH0-OSC_IN
Mcu.Pin5=PC1
Mcu.Pin6=PA1
Mcu.Pin7=PA2
Mcu.Pin8=PA4
Mcu.Pin9=PA7
Mcu.PinsNb=35
Mcu.ThirdPartyNb=0
Mcu.UserConstants=
Mcu.UserName=STM32H723ZGTx
MxCube.Version=6.4.0
MxDb.Version=DB.6.0.40
NVIC.BusFault_IRQn=true\:0\:0\:false\:false\:true\:false\:false
NVIC.DebugMonitor_IRQn=true\:0\:0\:false\:false\:true\:false\:false
NVIC.ForceEnableDMAVector=true
NVIC.HardFault_IRQn=true\:0\:0\:false\:false\:true\:false\:false
NVIC.I2C2_ER_IRQn=true\:0\:0\:false\:false\:true\:true\:true
NVIC.I2C2_EV_IRQn=true\:0\:0\:false\:false\:true\:true\:true
NVIC.I2C4_ER_IRQn=true\:0\:0\:false\:false\:true\:true\:true
NVIC.I2C4_EV_IRQn=true\:0\:0\:false\:false\:true\:true\:true
NVIC.MemoryManagement_IRQn=true\:0\:0\:false\:false\:true\:false\:false
NVIC.NonMaskableInt_IRQn=true\:0\:0\:false\:false\:true\:false\:false
NVIC.PendSV_IRQn=true\:0\:0\:false\:false\:true\:false\:false
NVIC.PriorityGroup=NVIC_PRIORITYGROUP_4
NVIC.SPI1_IRQn=true\:0\:0\:false\:false\:true\:true\:true
NVIC.SPI2_IRQn=true\:0\:0\:false\:false\:true\:true\:true
NVIC.SPI4_IRQn=true\:0\:0\:false\:false\:true\:true\:true
NVIC.SVCall_IRQn=true\:0\:0\:false\:false\:true\:false\:false
NVIC.SysTick_IRQn=true\:0\:0\:false\:false\:true\:false\:true
NVIC.UsageFault_IRQn=true\:0\:0\:false\:false\:true\:false\:false
PA1.Mode=RMII
PA1.Signal=ETH_REF_CLK
PA10.Mode=OTG/Dual-Role-Device-FS
PA10.Signal=USB_OTG_HS_ID
PA11.Mode=OTG/Dual-Role-Device-FS
PA11.Signal=USB_OTG_HS_DM
PA12.Mode=OTG/Dual-Role-Device-FS
PA12.Signal=USB_OTG_HS_DP
PA2.Mode=RMII
PA2.Signal=ETH_MDIO
PA4.GPIOParameters=GPIO_PuPd
PA4.GPIO_PuPd=GPIO_PULLUP
PA4.Locked=true
PA4.Mode=NSS_Signal_Hard_Output
PA4.Signal=SPI1_NSS
PA7.Mode=RMII
PA7.Signal=ETH_CRS_DV
PA9.Mode=Activate_VBUS_FS
PA9.Signal=USB_OTG_HS_VBUS
PB10.Locked=true
PB10.Mode=Full_Duplex_Master
PB10.Signal=SPI2_SCK
PB11.Mode=RMII
PB11.Signal=ETH_TX_EN
PB12.Mode=RMII
PB12.Signal=ETH_TXD0
PB13.Mode=RMII
PB13.Signal=ETH_TXD1
PB14.Locked=true
PB14.Mode=Full_Duplex_Master
PB14.Signal=SPI2_MISO
PB15.Locked=true
PB15.Mode=Full_Duplex_Master
PB15.Signal=SPI2_MOSI
PB3(JTDO/TRACESWO).GPIOParameters=GPIO_Speed,GPIO_PuPd,GPIO_Label
PB3(JTDO/TRACESWO).GPIO_Label=SPI1_SCK
PB3(JTDO/TRACESWO).GPIO_PuPd=GPIO_PULLUP
PB3(JTDO/TRACESWO).GPIO_Speed=GPIO_SPEED_FREQ_VERY_HIGH
PB3(JTDO/TRACESWO).Locked=true
PB3(JTDO/TRACESWO).Mode=Full_Duplex_Master
PB3(JTDO/TRACESWO).Signal=SPI1_SCK
PB4(NJTRST).GPIOParameters=GPIO_Speed,GPIO_PuPd,GPIO_Label
PB4(NJTRST).GPIO_Label=SPI1_MISO
PB4(NJTRST).GPIO_PuPd=GPIO_NOPULL
PB4(NJTRST).GPIO_Speed=GPIO_SPEED_FREQ_VERY_HIGH
PB4(NJTRST).Locked=true
PB4(NJTRST).Mode=Full_Duplex_Master
PB4(NJTRST).Signal=SPI1_MISO
PB5.GPIOParameters=GPIO_Speed,GPIO_PuPd,GPIO_Label
PB5.GPIO_Label=SPI1_MOSI
PB5.GPIO_PuPd=GPIO_NOPULL
PB5.GPIO_Speed=GPIO_SPEED_FREQ_VERY_HIGH
PB5.Locked=true
PB5.Mode=Full_Duplex_Master
PB5.Signal=SPI1_MOSI
PB9.Locked=true
PB9.Mode=NSS_Signal_Hard_Output
PB9.Signal=SPI2_NSS
PC1.Mode=RMII
PC1.Signal=ETH_MDC
PC14-OSC32_IN.Mode=LSE-External-Oscillator
PC14-OSC32_IN.Signal=RCC_OSC32_IN
PC15-OSC32_OUT.Mode=LSE-External-Oscillator
PC15-OSC32_OUT.Signal=RCC_OSC32_OUT
PC4.Mode=RMII
PC4.Signal=ETH_RXD0
PC5.Mode=RMII
PC5.Signal=ETH_RXD1
PD12.Locked=true
PD12.Mode=I2C
PD12.Signal=I2C4_SCL
PD13.Locked=true
PD13.Mode=I2C
PD13.Signal=I2C4_SDA
PD8.Locked=true
PD8.Mode=Asynchronous
PD8.Signal=USART3_TX
PD9.Locked=true
PD9.Mode=Asynchronous
PD9.Signal=USART3_RX
PE11.Locked=true
PE11.Mode=NSS_Signal_Hard_Output
PE11.Signal=SPI4_NSS
PE12.Locked=true
PE12.Mode=Full_Duplex_Master
PE12.Signal=SPI4_SCK
PE13.Locked=true
PE13.Mode=Full_Duplex_Master
PE13.Signal=SPI4_MISO
PE14.Locked=true
PE14.Mode=Full_Duplex_Master
PE14.Signal=SPI4_MOSI
PF0.Mode=I2C
PF0.Signal=I2C2_SDA
PF1.Mode=I2C
PF1.Signal=I2C2_SCL
PH0-OSC_IN.Mode=HSE-External-Clock-Source
PH0-OSC_IN.Signal=RCC_OSC_IN
PinOutPanel.RotationAngle=0
ProjectManager.AskForMigrate=true
ProjectManager.BackupPrevious=false
ProjectManager.CompilerOptimize=6
ProjectManager.ComputerToolchain=false
ProjectManager.CoupleFile=false
ProjectManager.CustomerFirmwarePackage=
ProjectManager.DefaultFWLocation=true
ProjectManager.DeletePrevious=true
ProjectManager.DeviceId=STM32H723ZGTx
ProjectManager.FirmwarePackage=STM32Cube FW_H7 V1.9.1
ProjectManager.FreePins=false
ProjectManager.HalAssertFull=false
ProjectManager.HeapSize=0x200
ProjectManager.KeepUserCode=true
ProjectManager.LastFirmware=true
ProjectManager.LibraryCopy=1
ProjectManager.MainLocation=Core/Src
ProjectManager.NoMain=false
ProjectManager.PreviousToolchain=
ProjectManager.ProjectBuild=false
ProjectManager.ProjectFileName=NAND_Flash.ioc
ProjectManager.ProjectName=NAND_Flash
ProjectManager.RegisterCallBack=
ProjectManager.StackSize=0x400
ProjectManager.TargetToolchain=STM32CubeIDE
ProjectManager.ToolChainLocation=
ProjectManager.UnderRoot=true
ProjectManager.functionlistsort=1-MX_GPIO_Init-GPIO-false-HAL-true,2-SystemClock_Config-RCC-false-HAL-false,3-MX_I2C1_Init-I2C1-false-HAL-true,4-MX_I2C2_Init-I2C2-false-HAL-true,5-MX_SPI1_Init-SPI1-false-HAL-true,6-MX_USART3_UART_Init-USART3-false-HAL-true,7-MX_USB_OTG_HS_USB_Init-USB_OTG_HS-false-HAL-true,8-MX_ETH_Init-ETH-false-HAL-true,9-MX_SPI2_Init-SPI2-false-HAL-true,10-MX_SPI4_Init-SPI4-false-HAL-true,0-MX_CORTEX_M7_Init-CORTEX_M7-false-HAL-true
RCC.ADCFreq_Value=208000000
RCC.AHB12Freq_Value=275000000
RCC.AHB4Freq_Value=275000000
RCC.APB1Freq_Value=137500000
RCC.APB2Freq_Value=137500000
RCC.APB3Freq_Value=137500000
RCC.APB4Freq_Value=137500000
RCC.AXIClockFreq_Value=275000000
RCC.CECFreq_Value=32000
RCC.CKPERFreq_Value=64000000
RCC.CortexFreq_Value=550000000
RCC.CpuClockFreq_Value=550000000
RCC.D1CPREFreq_Value=550000000
RCC.D1PPRE=RCC_APB3_DIV2
RCC.D2PPRE1=RCC_APB1_DIV2
RCC.D2PPRE2=RCC_APB2_DIV2
RCC.D3PPRE=RCC_APB4_DIV2
RCC.DFSDMACLkFreq_Value=110000000
RCC.DFSDMFreq_Value=137500000
RCC.DIVM1=4
RCC.DIVM2=4
RCC.DIVN1=275
RCC.DIVN2=104
RCC.DIVP1=1
RCC.DIVP1Freq_Value=550000000
RCC.DIVP2=1
RCC.DIVP2Freq_Value=208000000
RCC.DIVP3Freq_Value=16125000
RCC.DIVQ1=5
RCC.DIVQ1Freq_Value=110000000
RCC.DIVQ2Freq_Value=104000000
RCC.DIVQ3Freq_Value=16125000
RCC.DIVR1Freq_Value=275000000
RCC.DIVR2Freq_Value=104000000
RCC.DIVR3Freq_Value=16125000
RCC.FDCANFreq_Value=110000000
RCC.FMCFreq_Value=275000000
RCC.FamilyName=M
RCC.HCLK3ClockFreq_Value=275000000
RCC.HCLKFreq_Value=275000000
RCC.HPRE=RCC_HCLK_DIV2
RCC.HSE_VALUE=8000000
RCC.I2C123Freq_Value=137500000
RCC.I2C4Freq_Value=137500000
RCC.IPParameters=ADCFreq_Value,AHB12Freq_Value,AHB4Freq_Value,APB1Freq_Value,APB2Freq_Value,APB3Freq_Value,APB4Freq_Value,AXIClockFreq_Value,CECFreq_Value,CKPERFreq_Value,CortexFreq_Value,CpuClockFreq_Value,D1CPREFreq_Value,D1PPRE,D2PPRE1,D2PPRE2,D3PPRE,DFSDMACLkFreq_Value,DFSDMFreq_Value,DIVM1,DIVM2,DIVN1,DIVN2,DIVP1,DIVP1Freq_Value,DIVP2,DIVP2Freq_Value,DIVP3Freq_Value,DIVQ1,DIVQ1Freq_Value,DIVQ2Freq_Value,DIVQ3Freq_Value,DIVR1Freq_Value,DIVR2Freq_Value,DIVR3Freq_Value,FDCANFreq_Value,FMCFreq_Value,FamilyName,HCLK3ClockFreq_Value,HCLKFreq_Value,HPRE,HSE_VALUE,I2C123Freq_Value,I2C4Freq_Value,LPTIM1Freq_Value,LPTIM2Freq_Value,LPTIM345Freq_Value,LPUART1Freq_Value,LTDCFreq_Value,MCO1PinFreq_Value,MCO2PinFreq_Value,PLLSourceVirtual,QSPIFreq_Value,RNGFreq_Value,RTCFreq_Value,SAI1Freq_Value,SAI4AFreq_Value,SAI4BFreq_Value,SDMMCFreq_Value,SPDIFRXFreq_Value,SPI123CLockSelection,SPI123Freq_Value,SPI45Freq_Value,SPI6Freq_Value,SWPMI1Freq_Value,SYSCLKFreq_VALUE,SYSCLKSource,Tim1OutputFreq_Value,Tim2OutputFreq_Value,TraceFreq_Value,USART16Freq_Value,USART234578Freq_Value,USBCLockSelection,USBFreq_Value,VCO1OutputFreq_Value,VCO2OutputFreq_Value,VCO3OutputFreq_Value,VCOInput1Freq_Value,VCOInput2Freq_Value,VCOInput3Freq_Value
RCC.LPTIM1Freq_Value=137500000
RCC.LPTIM2Freq_Value=137500000
RCC.LPTIM345Freq_Value=137500000
RCC.LPUART1Freq_Value=137500000
RCC.LTDCFreq_Value=16125000
RCC.MCO1PinFreq_Value=64000000
RCC.MCO2PinFreq_Value=550000000
RCC.PLLSourceVirtual=RCC_PLLSOURCE_HSE
RCC.QSPIFreq_Value=275000000
RCC.RNGFreq_Value=48000000
RCC.RTCFreq_Value=32000
RCC.SAI1Freq_Value=110000000
RCC.SAI4AFreq_Value=110000000
RCC.SAI4BFreq_Value=110000000
RCC.SDMMCFreq_Value=110000000
RCC.SPDIFRXFreq_Value=110000000
RCC.SPI123CLockSelection=RCC_SPI123CLKSOURCE_PLL2
RCC.SPI123Freq_Value=208000000
RCC.SPI45Freq_Value=137500000
RCC.SPI6Freq_Value=137500000
RCC.SWPMI1Freq_Value=137500000
RCC.SYSCLKFreq_VALUE=550000000
RCC.SYSCLKSource=RCC_SYSCLKSOURCE_PLLCLK
RCC.Tim1OutputFreq_Value=275000000
RCC.Tim2OutputFreq_Value=275000000
RCC.TraceFreq_Value=64000000
RCC.USART16Freq_Value=137500000
RCC.USART234578Freq_Value=137500000
RCC.USBCLockSelection=RCC_USBCLKSOURCE_HSI48
RCC.USBFreq_Value=48000000
RCC.VCO1OutputFreq_Value=550000000
RCC.VCO2OutputFreq_Value=208000000
RCC.VCO3OutputFreq_Value=32250000
RCC.VCOInput1Freq_Value=2000000
RCC.VCOInput2Freq_Value=2000000
RCC.VCOInput3Freq_Value=250000
SPI1.BaudRatePrescaler=SPI_BAUDRATEPRESCALER_32
SPI1.CLKPhase=SPI_PHASE_2EDGE
SPI1.CLKPolarity=SPI_POLARITY_HIGH
SPI1.CRCCalculation=SPI_CRCCALCULATION_DISABLE
SPI1.CalculateBaudRate=6.5 MBits/s
SPI1.DataSize=SPI_DATASIZE_8BIT
SPI1.Direction=SPI_DIRECTION_2LINES
SPI1.FifoThreshold=SPI_FIFO_THRESHOLD_16DATA
SPI1.IPParameters=VirtualType,Mode,Direction,CalculateBaudRate,BaudRatePrescaler,DataSize,CLKPolarity,FifoThreshold,TxCRCInitializationPattern,RxCRCInitializationPattern,CLKPhase,MasterSSIdleness,MasterInterDataIdleness,VirtualNSS,CRCCalculation
SPI1.MasterInterDataIdleness=SPI_MASTER_INTERDATA_IDLENESS_00CYCLE
SPI1.MasterSSIdleness=SPI_MASTER_SS_IDLENESS_00CYCLE
SPI1.Mode=SPI_MODE_MASTER
SPI1.RxCRCInitializationPattern=SPI_CRC_INITIALIZATION_ALL_ZERO_PATTERN
SPI1.TxCRCInitializationPattern=SPI_CRC_INITIALIZATION_ALL_ZERO_PATTERN
SPI1.VirtualNSS=VM_NSSHARD
SPI1.VirtualType=VM_MASTER
SPI2.BaudRatePrescaler=SPI_BAUDRATEPRESCALER_32
SPI2.CLKPhase=SPI_PHASE_2EDGE
SPI2.CLKPolarity=SPI_POLARITY_HIGH
SPI2.CalculateBaudRate=6.5 MBits/s
SPI2.DataSize=SPI_DATASIZE_8BIT
SPI2.Direction=SPI_DIRECTION_2LINES
SPI2.FifoThreshold=SPI_FIFO_THRESHOLD_16DATA
SPI2.IPParameters=VirtualType,Mode,Direction,CalculateBaudRate,VirtualNSS,DataSize,BaudRatePrescaler,CLKPolarity,CLKPhase,FifoThreshold,TxCRCInitializationPattern,RxCRCInitializationPattern
SPI2.Mode=SPI_MODE_MASTER
SPI2.RxCRCInitializationPattern=SPI_CRC_INITIALIZATION_ALL_ONE_PATTERN
SPI2.TxCRCInitializationPattern=SPI_CRC_INITIALIZATION_ALL_ONE_PATTERN
SPI2.VirtualNSS=VM_NSSHARD
SPI2.VirtualType=VM_MASTER
SPI4.BaudRatePrescaler=SPI_BAUDRATEPRESCALER_32
SPI4.CLKPhase=SPI_PHASE_2EDGE
SPI4.CLKPolarity=SPI_POLARITY_HIGH
SPI4.CalculateBaudRate=4.296875 MBits/s
SPI4.DataSize=SPI_DATASIZE_8BIT
SPI4.Direction=SPI_DIRECTION_2LINES
SPI4.FifoThreshold=SPI_FIFO_THRESHOLD_08DATA
SPI4.IPParameters=VirtualType,Mode,Direction,CalculateBaudRate,VirtualNSS,DataSize,BaudRatePrescaler,CLKPolarity,CLKPhase,FifoThreshold,TxCRCInitializationPattern,RxCRCInitializationPattern
SPI4.Mode=SPI_MODE_MASTER
SPI4.RxCRCInitializationPattern=SPI_CRC_INITIALIZATION_ALL_ONE_PATTERN
SPI4.TxCRCInitializationPattern=SPI_CRC_INITIALIZATION_ALL_ONE_PATTERN
SPI4.VirtualNSS=VM_NSSHARD
SPI4.VirtualType=VM_MASTER
USART3.IPParameters=VirtualMode-Asynchronous
USART3.VirtualMode-Asynchronous=VM_ASYNC
VP_SYS_VS_Systick.Mode=SysTick
VP_SYS_VS_Systick.Signal=SYS_VS_Systick
board=NUCLEO-H723ZG
boardIOC=true
isbadioc=false
